
Microsoft Visual Studio Solution File, Format Version 12.00
# Visual Studio Version 17
VisualStudioVersion = 17.11.35219.272
MinimumVisualStudioVersion = 10.0.40219.1
Project("{FAE04EC0-301F-11D3-BF4B-00C04F79EFBC}") = "CollaborativeLearningAPI", "CollaborativeLearningAPI.csproj", "{F645AC01-3D1E-4C6B-AB2B-7D714BCEF802}"
EndProject
Global
	GlobalSection(SolutionConfigurationPlatforms) = preSolution
		Debug|Any CPU = Debug|Any CPU
		Release|Any CPU = Release|Any CPU
	EndGlobalSection
	GlobalSection(ProjectConfigurationPlatforms) = postSolution
		{F645AC01-3D1E-4C6B-AB2B-7D714BCEF802}.Debug|Any CPU.ActiveCfg = Debug|Any CPU
		{F645AC01-3D1E-4C6B-AB2B-7D714BCEF802}.Debug|Any CPU.Build.0 = Debug|Any CPU
		{F645AC01-3D1E-4C6B-AB2B-7D714BCEF802}.Release|Any CPU.ActiveCfg = Release|Any CPU
		{F645AC01-3D1E-4C6B-AB2B-7D714BCEF802}.Release|Any CPU.Build.0 = Release|Any CPU
	EndGlobalSection
	GlobalSection(SolutionProperties) = preSolution
		HideSolutionNode = FALSE
	EndGlobalSection
	GlobalSection(ExtensibilityGlobals) = postSolution
		SolutionGuid = {209EE8D9-CC5F-40EA-BDA2-E412324AC7C8}
	EndGlobalSection
EndGlobal
